
Microsoft Visual Studio Solution File, Format Version 12.00
# Visual Studio 15
VisualStudioVersion = 15.0.27130.2020
MinimumVisualStudioVersion = 10.0.40219.1
Project("{FAE04EC0-301F-11D3-BF4B-00C04F79EFBC}") = "Angle", "Angle\Angle.csproj", "{50ABCA97-2D99-422F-B09F-085D41B26C54}"
EndProject
Global
	GlobalSection(SolutionConfigurationPlatforms) = preSolution
		Debug|Any CPU = Debug|Any CPU
		Release|Any CPU = Release|Any CPU
	EndGlobalSection
	GlobalSection(ProjectConfigurationPlatforms) = postSolution
		{50ABCA97-2D99-422F-B09F-085D41B26C54}.Debug|Any CPU.ActiveCfg = Debug|Any CPU
		{50ABCA97-2D99-422F-B09F-085D41B26C54}.Debug|Any CPU.Build.0 = Debug|Any CPU
		{50ABCA97-2D99-422F-B09F-085D41B26C54}.Release|Any CPU.ActiveCfg = Release|Any CPU
		{50ABCA97-2D99-422F-B09F-085D41B26C54}.Release|Any CPU.Build.0 = Release|Any CPU
	EndGlobalSection
	GlobalSection(SolutionProperties) = preSolution
		HideSolutionNode = FALSE
	EndGlobalSection
	GlobalSection(ExtensibilityGlobals) = postSolution
		SolutionGuid = {B31900C9-A40A-4728-B136-B02F4988F010}
	EndGlobalSection
EndGlobal
