
Microsoft Visual Studio Solution File, Format Version 12.00
# Visual Studio 15
VisualStudioVersion = 15.0.27130.2020
MinimumVisualStudioVersion = 10.0.40219.1
Project("{FAE04EC0-301F-11D3-BF4B-00C04F79EFBC}") = "JSONToXML", "JSONToXML\JSONToXML.csproj", "{717862DD-99F9-4C0C-901F-5AA79B4385F5}"
EndProject
Global
	GlobalSection(SolutionConfigurationPlatforms) = preSolution
		Debug|Any CPU = Debug|Any CPU
		Release|Any CPU = Release|Any CPU
	EndGlobalSection
	GlobalSection(ProjectConfigurationPlatforms) = postSolution
		{717862DD-99F9-4C0C-901F-5AA79B4385F5}.Debug|Any CPU.ActiveCfg = Debug|Any CPU
		{717862DD-99F9-4C0C-901F-5AA79B4385F5}.Debug|Any CPU.Build.0 = Debug|Any CPU
		{717862DD-99F9-4C0C-901F-5AA79B4385F5}.Release|Any CPU.ActiveCfg = Release|Any CPU
		{717862DD-99F9-4C0C-901F-5AA79B4385F5}.Release|Any CPU.Build.0 = Release|Any CPU
	EndGlobalSection
	GlobalSection(SolutionProperties) = preSolution
		HideSolutionNode = FALSE
	EndGlobalSection
	GlobalSection(ExtensibilityGlobals) = postSolution
		SolutionGuid = {8AB18A60-4B1D-4264-AE5F-A9A8F5F0ED8B}
	EndGlobalSection
EndGlobal
